// !$*UTF8*$!
{
	archiveVersion = 1;
	classes = {
	};
	objectVersion = 55;
	objects = {

/* Begin PBXBuildFile section */
		01D4F97A3161DA990A4AB4CF /* Pods_ManualParsingApp.framework in Frameworks */ = {isa = PBXBuildFile; fileRef = F26477AA0D432CDD2F348323 /* Pods_ManualParsingApp.framework */; };
		230C4BE027D7BA0600E5EF72 /* AppDelegate.swift in Sources */ = {isa = PBXBuildFile; fileRef = 230C4BDF27D7BA0600E5EF72 /* AppDelegate.swift */; };
		230C4BE227D7BA0600E5EF72 /* SceneDelegate.swift in Sources */ = {isa = PBXBuildFile; fileRef = 230C4BE127D7BA0600E5EF72 /* SceneDelegate.swift */; };
		230C4BE427D7BA0600E5EF72 /* InfoViewController.swift in Sources */ = {isa = PBXBuildFile; fileRef = 230C4BE327D7BA0600E5EF72 /* InfoViewController.swift */; };
		230C4BE727D7BA0600E5EF72 /* Main.storyboard in Resources */ = {isa = PBXBuildFile; fileRef = 230C4BE527D7BA0600E5EF72 /* Main.storyboard */; };
		230C4BE927D7BA0900E5EF72 /* Assets.xcassets in Resources */ = {isa = PBXBuildFile; fileRef = 230C4BE827D7BA0900E5EF72 /* Assets.xcassets */; };
		230C4BEC27D7BA0900E5EF72 /* LaunchScreen.storyboard in Resources */ = {isa = PBXBuildFile; fileRef = 230C4BEA27D7BA0900E5EF72 /* LaunchScreen.storyboard */; };
		230C4BF427D7BA5200E5EF72 /* NetworkManager.swift in Sources */ = {isa = PBXBuildFile; fileRef = 230C4BF327D7BA5200E5EF72 /* NetworkManager.swift */; };
		230C4BF627D7BA5E00E5EF72 /* ZipInfo.swift in Sources */ = {isa = PBXBuildFile; fileRef = 230C4BF527D7BA5E00E5EF72 /* ZipInfo.swift */; };
/* End PBXBuildFile section */

/* Begin PBXFileReference section */
		230C4BDC27D7BA0600E5EF72 /* ManualParsingApp.app */ = {isa = PBXFileReference; explicitFileType = wrapper.application; includeInIndex = 0; path = ManualParsingApp.app; sourceTree = BUILT_PRODUCTS_DIR; };
		230C4BDF27D7BA0600E5EF72 /* AppDelegate.swift */ = {isa = PBXFileReference; lastKnownFileType = sourcecode.swift; path = AppDelegate.swift; sourceTree = "<group>"; };
		230C4BE127D7BA0600E5EF72 /* SceneDelegate.swift */ = {isa = PBXFileReference; lastKnownFileType = sourcecode.swift; path = SceneDelegate.swift; sourceTree = "<group>"; };
		230C4BE327D7BA0600E5EF72 /* InfoViewController.swift */ = {isa = PBXFileReference; lastKnownFileType = sourcecode.swift; path = InfoViewController.swift; sourceTree = "<group>"; };
		230C4BE627D7BA0600E5EF72 /* Base */ = {isa = PBXFileReference; lastKnownFileType = file.storyboard; name = Base; path = Base.lproj/Main.storyboard; sourceTree = "<group>"; };
		230C4BE827D7BA0900E5EF72 /* Assets.xcassets */ = {isa = PBXFileReference; lastKnownFileType = folder.assetcatalog; path = Assets.xcassets; sourceTree = "<group>"; };
		230C4BEB27D7BA0900E5EF72 /* Base */ = {isa = PBXFileReference; lastKnownFileType = file.storyboard; name = Base; path = Base.lproj/LaunchScreen.storyboard; sourceTree = "<group>"; };
		230C4BED27D7BA0900E5EF72 /* Info.plist */ = {isa = PBXFileReference; lastKnownFileType = text.plist.xml; path = Info.plist; sourceTree = "<group>"; };
		230C4BF327D7BA5200E5EF72 /* NetworkManager.swift */ = {isa = PBXFileReference; lastKnownFileType = sourcecode.swift; path = NetworkManager.swift; sourceTree = "<group>"; };
		230C4BF527D7BA5E00E5EF72 /* ZipInfo.swift */ = {isa = PBXFileReference; lastKnownFileType = sourcecode.swift; path = ZipInfo.swift; sourceTree = "<group>"; };
		386523015F9183D266165C9A /* Pods-ManualParsingApp.release.xcconfig */ = {isa = PBXFileReference; includeInIndex = 1; lastKnownFileType = text.xcconfig; name = "Pods-ManualParsingApp.release.xcconfig"; path = "Target Support Files/Pods-ManualParsingApp/Pods-ManualParsingApp.release.xcconfig"; sourceTree = "<group>"; };
		42494DE17FCCE184C1357783 /* Pods-ManualParsingApp.debug.xcconfig */ = {isa = PBXFileReference; includeInIndex = 1; lastKnownFileType = text.xcconfig; name = "Pods-ManualParsingApp.debug.xcconfig"; path = "Target Support Files/Pods-ManualParsingApp/Pods-ManualParsingApp.debug.xcconfig"; sourceTree = "<group>"; };
		F26477AA0D432CDD2F348323 /* Pods_ManualParsingApp.framework */ = {isa = PBXFileReference; explicitFileType = wrapper.framework; includeInIndex = 0; path = Pods_ManualParsingApp.framework; sourceTree = BUILT_PRODUCTS_DIR; };
/* End PBXFileReference section */

/* Begin PBXFrameworksBuildPhase section */
		230C4BD927D7BA0600E5EF72 /* Frameworks */ = {
			isa = PBXFrameworksBuildPhase;
			buildActionMask = 2147483647;
			files = (
				01D4F97A3161DA990A4AB4CF /* Pods_ManualParsingApp.framework in Frameworks */,
			);
			runOnlyForDeploymentPostprocessing = 0;
		};
/* End PBXFrameworksBuildPhase section */

/* Begin PBXGroup section */
		230C4BD327D7BA0600E5EF72 = {
			isa = PBXGroup;
			children = (
				2332FA1727DD07ED00C11282 /* NetworkManager */,
				2332FA1627DD07D400C11282 /* Model */,
				230C4BDE27D7BA0600E5EF72 /* ManualParsingApp */,
				230C4BDD27D7BA0600E5EF72 /* Products */,
				C709EBED71D927EF5E5496BD /* Pods */,
				B67C8621D3E4E7D4B7670D82 /* Frameworks */,
			);
			sourceTree = "<group>";
		};
		230C4BDD27D7BA0600E5EF72 /* Products */ = {
			isa = PBXGroup;
			children = (
				230C4BDC27D7BA0600E5EF72 /* ManualParsingApp.app */,
			);
			name = Products;
			sourceTree = "<group>";
		};
		230C4BDE27D7BA0600E5EF72 /* ManualParsingApp */ = {
			isa = PBXGroup;
			children = (
				2332FA1A27DD082100C11282 /* App */,
				2332FA1827DD080500C11282 /* ViewControllers */,
				2332FA1927DD081100C11282 /* Storyboards */,
				230C4BE827D7BA0900E5EF72 /* Assets.xcassets */,
				230C4BED27D7BA0900E5EF72 /* Info.plist */,
			);
			path = ManualParsingApp;
			sourceTree = "<group>";
		};
		2332FA1627DD07D400C11282 /* Model */ = {
			isa = PBXGroup;
			children = (
				230C4BF527D7BA5E00E5EF72 /* ZipInfo.swift */,
			);
			name = Model;
			sourceTree = "<group>";
		};
		2332FA1727DD07ED00C11282 /* NetworkManager */ = {
			isa = PBXGroup;
			children = (
				230C4BF327D7BA5200E5EF72 /* NetworkManager.swift */,
			);
			path = NetworkManager;
			sourceTree = "<group>";
		};
		2332FA1827DD080500C11282 /* ViewControllers */ = {
			isa = PBXGroup;
			children = (
				230C4BE327D7BA0600E5EF72 /* InfoViewController.swift */,
			);
			path = ViewControllers;
			sourceTree = "<group>";
		};
		2332FA1927DD081100C11282 /* Storyboards */ = {
			isa = PBXGroup;
			children = (
				230C4BEA27D7BA0900E5EF72 /* LaunchScreen.storyboard */,
				230C4BE527D7BA0600E5EF72 /* Main.storyboard */,
			);
			path = Storyboards;
			sourceTree = "<group>";
		};
		2332FA1A27DD082100C11282 /* App */ = {
			isa = PBXGroup;
			children = (
				230C4BE127D7BA0600E5EF72 /* SceneDelegate.swift */,
				230C4BDF27D7BA0600E5EF72 /* AppDelegate.swift */,
			);
			path = App;
			sourceTree = "<group>";
		};
		B67C8621D3E4E7D4B7670D82 /* Frameworks */ = {
			isa = PBXGroup;
			children = (
				F26477AA0D432CDD2F348323 /* Pods_ManualParsingApp.framework */,
			);
			name = Frameworks;
			sourceTree = "<group>";
		};
		C709EBED71D927EF5E5496BD /* Pods */ = {
			isa = PBXGroup;
			children = (
				42494DE17FCCE184C1357783 /* Pods-ManualParsingApp.debug.xcconfig */,
				386523015F9183D266165C9A /* Pods-ManualParsingApp.release.xcconfig */,
			);
			path = Pods;
			sourceTree = "<group>";
		};
/* End PBXGroup section */

/* Begin PBXNativeTarget section */
		230C4BDB27D7BA0600E5EF72 /* ManualParsingApp */ = {
			isa = PBXNativeTarget;
			buildConfigurationList = 230C4BF027D7BA0900E5EF72 /* Build configuration list for PBXNativeTarget "ManualParsingApp" */;
			buildPhases = (
				8BC1064AEED3B168F959EB18 /* [CP] Check Pods Manifest.lock */,
				230C4BD827D7BA0600E5EF72 /* Sources */,
				230C4BD927D7BA0600E5EF72 /* Frameworks */,
				230C4BDA27D7BA0600E5EF72 /* Resources */,
				299176D142957BD7CA407286 /* [CP] Embed Pods Frameworks */,
			);
			buildRules = (
			);
			dependencies = (
			);
			name = ManualParsingApp;
			productName = ManualParsingApp;
			productReference = 230C4BDC27D7BA0600E5EF72 /* ManualParsingApp.app */;
			productType = "com.apple.product-type.application";
		};
/* End PBXNativeTarget section */

/* Begin PBXProject section */
		230C4BD427D7BA0600E5EF72 /* Project object */ = {
			isa = PBXProject;
			attributes = {
				BuildIndependentTargetsInParallel = 1;
				LastSwiftUpdateCheck = 1320;
				LastUpgradeCheck = 1320;
				TargetAttributes = {
					230C4BDB27D7BA0600E5EF72 = {
						CreatedOnToolsVersion = 13.2.1;
					};
				};
			};
			buildConfigurationList = 230C4BD727D7BA0600E5EF72 /* Build configuration list for PBXProject "ManualParsingApp" */;
			compatibilityVersion = "Xcode 13.0";
			developmentRegion = en;
			hasScannedForEncodings = 0;
			knownRegions = (
				en,
				Base,
			);
			mainGroup = 230C4BD327D7BA0600E5EF72;
			productRefGroup = 230C4BDD27D7BA0600E5EF72 /* Products */;
			projectDirPath = "";
			projectRoot = "";
			targets = (
				230C4BDB27D7BA0600E5EF72 /* ManualParsingApp */,
			);
		};
/* End PBXProject section */

/* Begin PBXResourcesBuildPhase section */
		230C4BDA27D7BA0600E5EF72 /* Resources */ = {
			isa = PBXResourcesBuildPhase;
			buildActionMask = 2147483647;
			files = (
				230C4BEC27D7BA0900E5EF72 /* LaunchScreen.storyboard in Resources */,
				230C4BE927D7BA0900E5EF72 /* Assets.xcassets in Resources */,
				230C4BE727D7BA0600E5EF72 /* Main.storyboard in Resources */,
			);
			runOnlyForDeploymentPostprocessing = 0;
		};
/* End PBXResourcesBuildPhase section */

/* Begin PBXShellScriptBuildPhase section */
		299176D142957BD7CA407286 /* [CP] Embed Pods Frameworks */ = {
			isa = PBXShellScriptBuildPhase;
			buildActionMask = 2147483647;
			files = (
			);
			inputFileListPaths = (
				"${PODS_ROOT}/Target Support Files/Pods-ManualParsingApp/Pods-ManualParsingApp-frameworks-${CONFIGURATION}-input-files.xcfilelist",
			);
			name = "[CP] Embed Pods Frameworks";
			outputFileListPaths = (
				"${PODS_ROOT}/Target Support Files/Pods-ManualParsingApp/Pods-ManualParsingApp-frameworks-${CONFIGURATION}-output-files.xcfilelist",
			);
			runOnlyForDeploymentPostprocessing = 0;
			shellPath = /bin/sh;
			shellScript = "\"${PODS_ROOT}/Target Support Files/Pods-ManualParsingApp/Pods-ManualParsingApp-frameworks.sh\"\n";
			showEnvVarsInLog = 0;
		};
		8BC1064AEED3B168F959EB18 /* [CP] Check Pods Manifest.lock */ = {
			isa = PBXShellScriptBuildPhase;
			buildActionMask = 2147483647;
			files = (
			);
			inputFileListPaths = (
			);
			inputPaths = (
				"${PODS_PODFILE_DIR_PATH}/Podfile.lock",
				"${PODS_ROOT}/Manifest.lock",
			);
			name = "[CP] Check Pods Manifest.lock";
			outputFileListPaths = (
			);
			outputPaths = (
				"$(DERIVED_FILE_DIR)/Pods-ManualParsingApp-checkManifestLockResult.txt",
			);
			runOnlyForDeploymentPostprocessing = 0;
			shellPath = /bin/sh;
			shellScript = "diff \"${PODS_PODFILE_DIR_PATH}/Podfile.lock\" \"${PODS_ROOT}/Manifest.lock\" > /dev/null\nif [ $? != 0 ] ; then\n    # print error to STDERR\n    echo \"error: The sandbox is not in sync with the Podfile.lock. Run 'pod install' or update your CocoaPods installation.\" >&2\n    exit 1\nfi\n# This output is used by Xcode 'outputs' to avoid re-running this script phase.\necho \"SUCCESS\" > \"${SCRIPT_OUTPUT_FILE_0}\"\n";
			showEnvVarsInLog = 0;
		};
/* End PBXShellScriptBuildPhase section */

/* Begin PBXSourcesBuildPhase section */
		230C4BD827D7BA0600E5EF72 /* Sources */ = {
			isa = PBXSourcesBuildPhase;
			buildActionMask = 2147483647;
			files = (
				230C4BF627D7BA5E00E5EF72 /* ZipInfo.swift in Sources */,
				230C4BF427D7BA5200E5EF72 /* NetworkManager.swift in Sources */,
				230C4BE427D7BA0600E5EF72 /* InfoViewController.swift in Sources */,
				230C4BE027D7BA0600E5EF72 /* AppDelegate.swift in Sources */,
				230C4BE227D7BA0600E5EF72 /* SceneDelegate.swift in Sources */,
			);
			runOnlyForDeploymentPostprocessing = 0;
		};
/* End PBXSourcesBuildPhase section */

/* Begin PBXVariantGroup section */
		230C4BE527D7BA0600E5EF72 /* Main.storyboard */ = {
			isa = PBXVariantGroup;
			children = (
				230C4BE627D7BA0600E5EF72 /* Base */,
			);
			name = Main.storyboard;
			sourceTree = "<group>";
		};
		230C4BEA27D7BA0900E5EF72 /* LaunchScreen.storyboard */ = {
			isa = PBXVariantGroup;
			children = (
				230C4BEB27D7BA0900E5EF72 /* Base */,
			);
			name = LaunchScreen.storyboard;
			sourceTree = "<group>";
		};
/* End PBXVariantGroup section */

/* Begin XCBuildConfiguration section */
		230C4BEE27D7BA0900E5EF72 /* Debug */ = {
			isa = XCBuildConfiguration;
			buildSettings = {
				ALWAYS_SEARCH_USER_PATHS = NO;
				CLANG_ANALYZER_NONNULL = YES;
				CLANG_ANALYZER_NUMBER_OBJECT_CONVERSION = YES_AGGRESSIVE;
				CLANG_CXX_LANGUAGE_STANDARD = "gnu++17";
				CLANG_CXX_LIBRARY = "libc++";
				CLANG_ENABLE_MODULES = YES;
				CLANG_ENABLE_OBJC_ARC = YES;
				CLANG_ENABLE_OBJC_WEAK = YES;
				CLANG_WARN_BLOCK_CAPTURE_AUTORELEASING = YES;
				CLANG_WARN_BOOL_CONVERSION = YES;
				CLANG_WARN_COMMA = YES;
				CLANG_WARN_CONSTANT_CONVERSION = YES;
				CLANG_WARN_DEPRECATED_OBJC_IMPLEMENTATIONS = YES;
				CLANG_WARN_DIRECT_OBJC_ISA_USAGE = YES_ERROR;
				CLANG_WARN_DOCUMENTATION_COMMENTS = YES;
				CLANG_WARN_EMPTY_BODY = YES;
				CLANG_WARN_ENUM_CONVERSION = YES;
				CLANG_WARN_INFINITE_RECURSION = YES;
				CLANG_WARN_INT_CONVERSION = YES;
				CLANG_WARN_NON_LITERAL_NULL_CONVERSION = YES;
				CLANG_WARN_OBJC_IMPLICIT_RETAIN_SELF = YES;
				CLANG_WARN_OBJC_LITERAL_CONVERSION = YES;
				CLANG_WARN_OBJC_ROOT_CLASS = YES_ERROR;
				CLANG_WARN_QUOTED_INCLUDE_IN_FRAMEWORK_HEADER = YES;
				CLANG_WARN_RANGE_LOOP_ANALYSIS = YES;
				CLANG_WARN_STRICT_PROTOTYPES = YES;
				CLANG_WARN_SUSPICIOUS_MOVE = YES;
				CLANG_WARN_UNGUARDED_AVAILABILITY = YES_AGGRESSIVE;
				CLANG_WARN_UNREACHABLE_CODE = YES;
				CLANG_WARN__DUPLICATE_METHOD_MATCH = YES;
				COPY_PHASE_STRIP = NO;
				DEBUG_INFORMATION_FORMAT = dwarf;
				ENABLE_STRICT_OBJC_MSGSEND = YES;
				ENABLE_TESTABILITY = YES;
				GCC_C_LANGUAGE_STANDARD = gnu11;
				GCC_DYNAMIC_NO_PIC = NO;
				GCC_NO_COMMON_BLOCKS = YES;
				GCC_OPTIMIZATION_LEVEL = 0;
				GCC_PREPROCESSOR_DEFINITIONS = (
					"DEBUG=1",
					"$(inherited)",
				);
				GCC_WARN_64_TO_32_BIT_CONVERSION = YES;
				GCC_WARN_ABOUT_RETURN_TYPE = YES_ERROR;
				GCC_WARN_UNDECLARED_SELECTOR = YES;
				GCC_WARN_UNINITIALIZED_AUTOS = YES_AGGRESSIVE;
				GCC_WARN_UNUSED_FUNCTION = YES;
				GCC_WARN_UNUSED_VARIABLE = YES;
				IPHONEOS_DEPLOYMENT_TARGET = 15.2;
				MTL_ENABLE_DEBUG_INFO = INCLUDE_SOURCE;
				MTL_FAST_MATH = YES;
				ONLY_ACTIVE_ARCH = YES;
				SDKROOT = iphoneos;
				SWIFT_ACTIVE_COMPILATION_CONDITIONS = DEBUG;
				SWIFT_OPTIMIZATION_LEVEL = "-Onone";
			};
			name = Debug;
		};
		230C4BEF27D7BA0900E5EF72 /* Release */ = {
			isa = XCBuildConfiguration;
			buildSettings = {
				ALWAYS_SEARCH_USER_PATHS = NO;
				CLANG_ANALYZER_NONNULL = YES;
				CLANG_ANALYZER_NUMBER_OBJECT_CONVERSION = YES_AGGRESSIVE;
				CLANG_CXX_LANGUAGE_STANDARD = "gnu++17";
				CLANG_CXX_LIBRARY = "libc++";
				CLANG_ENABLE_MODULES = YES;
				CLANG_ENABLE_OBJC_ARC = YES;
				CLANG_ENABLE_OBJC_WEAK = YES;
				CLANG_WARN_BLOCK_CAPTURE_AUTORELEASING = YES;
				CLANG_WARN_BOOL_CONVERSION = YES;
				CLANG_WARN_COMMA = YES;
				CLANG_WARN_CONSTANT_CONVERSION = YES;
				CLANG_WARN_DEPRECATED_OBJC_IMPLEMENTATIONS = YES;
				CLANG_WARN_DIRECT_OBJC_ISA_USAGE = YES_ERROR;
				CLANG_WARN_DOCUMENTATION_COMMENTS = YES;
				CLANG_WARN_EMPTY_BODY = YES;
				CLANG_WARN_ENUM_CONVERSION = YES;
				CLANG_WARN_INFINITE_RECURSION = YES;
				CLANG_WARN_INT_CONVERSION = YES;
				CLANG_WARN_NON_LITERAL_NULL_CONVERSION = YES;
				CLANG_WARN_OBJC_IMPLICIT_RETAIN_SELF = YES;
				CLANG_WARN_OBJC_LITERAL_CONVERSION = YES;
				CLANG_WARN_OBJC_ROOT_CLASS = YES_ERROR;
				CLANG_WARN_QUOTED_INCLUDE_IN_FRAMEWORK_HEADER = YES;
				CLANG_WARN_RANGE_LOOP_ANALYSIS = YES;
				CLANG_WARN_STRICT_PROTOTYPES = YES;
				CLANG_WARN_SUSPICIOUS_MOVE = YES;
				CLANG_WARN_UNGUARDED_AVAILABILITY = YES_AGGRESSIVE;
				CLANG_WARN_UNREACHABLE_CODE = YES;
				CLANG_WARN__DUPLICATE_METHOD_MATCH = YES;
				COPY_PHASE_STRIP = NO;
				DEBUG_INFORMATION_FORMAT = "dwarf-with-dsym";
				ENABLE_NS_ASSERTIONS = NO;
				ENABLE_STRICT_OBJC_MSGSEND = YES;
				GCC_C_LANGUAGE_STANDARD = gnu11;
				GCC_NO_COMMON_BLOCKS = YES;
				GCC_WARN_64_TO_32_BIT_CONVERSION = YES;
				GCC_WARN_ABOUT_RETURN_TYPE = YES_ERROR;
				GCC_WARN_UNDECLARED_SELECTOR = YES;
				GCC_WARN_UNINITIALIZED_AUTOS = YES_AGGRESSIVE;
				GCC_WARN_UNUSED_FUNCTION = YES;
				GCC_WARN_UNUSED_VARIABLE = YES;
				IPHONEOS_DEPLOYMENT_TARGET = 15.2;
				MTL_ENABLE_DEBUG_INFO = NO;
				MTL_FAST_MATH = YES;
				SDKROOT = iphoneos;
				SWIFT_COMPILATION_MODE = wholemodule;
				SWIFT_OPTIMIZATION_LEVEL = "-O";
				VALIDATE_PRODUCT = YES;
			};
			name = Release;
		};
		230C4BF127D7BA0900E5EF72 /* Debug */ = {
			isa = XCBuildConfiguration;
			baseConfigurationReference = 42494DE17FCCE184C1357783 /* Pods-ManualParsingApp.debug.xcconfig */;
			buildSettings = {
				ASSETCATALOG_COMPILER_APPICON_NAME = AppIcon;
				ASSETCATALOG_COMPILER_GLOBAL_ACCENT_COLOR_NAME = AccentColor;
				CODE_SIGN_STYLE = Automatic;
				CURRENT_PROJECT_VERSION = 1;
				GENERATE_INFOPLIST_FILE = YES;
				INFOPLIST_FILE = ManualParsingApp/Info.plist;
				INFOPLIST_KEY_UIApplicationSupportsIndirectInputEvents = YES;
				INFOPLIST_KEY_UILaunchStoryboardName = LaunchScreen;
				INFOPLIST_KEY_UIMainStoryboardFile = Main;
				INFOPLIST_KEY_UISupportedInterfaceOrientations_iPad = "UIInterfaceOrientationPortrait UIInterfaceOrientationPortraitUpsideDown UIInterfaceOrientationLandscapeLeft UIInterfaceOrientationLandscapeRight";
				INFOPLIST_KEY_UISupportedInterfaceOrientations_iPhone = "UIInterfaceOrientationPortrait UIInterfaceOrientationLandscapeLeft UIInterfaceOrientationLandscapeRight";
				LD_RUNPATH_SEARCH_PATHS = (
					"$(inherited)",
					"@executable_path/Frameworks",
				);
				MARKETING_VERSION = 1.0;
				PRODUCT_BUNDLE_IDENTIFIER = KremnevViacheslav.ManualParsingApp;
				PRODUCT_NAME = "$(TARGET_NAME)";
				SWIFT_EMIT_LOC_STRINGS = YES;
				SWIFT_VERSION = 5.0;
				TARGETED_DEVICE_FAMILY = "1,2";
			};
			name = Debug;
		};
		230C4BF227D7BA0900E5EF72 /* Release */ = {
			isa = XCBuildConfiguration;
			baseConfigurationReference = 386523015F9183D266165C9A /* Pods-ManualParsingApp.release.xcconfig */;
			buildSettings = {
				ASSETCATALOG_COMPILER_APPICON_NAME = AppIcon;
				ASSETCATALOG_COMPILER_GLOBAL_ACCENT_COLOR_NAME = AccentColor;
				CODE_SIGN_STYLE = Automatic;
				CURRENT_PROJECT_VERSION = 1;
				GENERATE_INFOPLIST_FILE = YES;
				INFOPLIST_FILE = ManualParsingApp/Info.plist;
				INFOPLIST_KEY_UIApplicationSupportsIndirectInputEvents = YES;
				INFOPLIST_KEY_UILaunchStoryboardName = LaunchScreen;
				INFOPLIST_KEY_UIMainStoryboardFile = Main;
				INFOPLIST_KEY_UISupportedInterfaceOrientations_iPad = "UIInterfaceOrientationPortrait UIInterfaceOrientationPortraitUpsideDown UIInterfaceOrientationLandscapeLeft UIInterfaceOrientationLandscapeRight";
				INFOPLIST_KEY_UISupportedInterfaceOrientations_iPhone = "UIInterfaceOrientationPortrait UIInterfaceOrientationLandscapeLeft UIInterfaceOrientationLandscapeRight";
				LD_RUNPATH_SEARCH_PATHS = (
					"$(inherited)",
					"@executable_path/Frameworks",
				);
				MARKETING_VERSION = 1.0;
				PRODUCT_BUNDLE_IDENTIFIER = KremnevViacheslav.ManualParsingApp;
				PRODUCT_NAME = "$(TARGET_NAME)";
				SWIFT_EMIT_LOC_STRINGS = YES;
				SWIFT_VERSION = 5.0;
				TARGETED_DEVICE_FAMILY = "1,2";
			};
			name = Release;
		};
/* End XCBuildConfiguration section */

/* Begin XCConfigurationList section */
		230C4BD727D7BA0600E5EF72 /* Build configuration list for PBXProject "ManualParsingApp" */ = {
			isa = XCConfigurationList;
			buildConfigurations = (
				230C4BEE27D7BA0900E5EF72 /* Debug */,
				230C4BEF27D7BA0900E5EF72 /* Release */,
			);
			defaultConfigurationIsVisible = 0;
			defaultConfigurationName = Release;
		};
		230C4BF027D7BA0900E5EF72 /* Build configuration list for PBXNativeTarget "ManualParsingApp" */ = {
			isa = XCConfigurationList;
			buildConfigurations = (
				230C4BF127D7BA0900E5EF72 /* Debug */,
				230C4BF227D7BA0900E5EF72 /* Release */,
			);
			defaultConfigurationIsVisible = 0;
			defaultConfigurationName = Release;
		};
/* End XCConfigurationList section */
	};
	rootObject = 230C4BD427D7BA0600E5EF72 /* Project object */;
}
